dependencies:
- name: base
  repository: https://aspenmesh.github.io/helm-charts
  version: 1.11.3
- name: istio-discovery
  repository: https://aspenmesh.github.io/helm-charts
  version: 1.11.3
- name: nginx-ingress
  repository: https://helm.nginx.com/stable
  version: 0.9.3
- name: grafana
  repository: https://grafana.github.io/helm-charts
  version: 6.16.13
- name: jaeger
  repository: https://jaegertracing.github.io/helm-charts
  version: 0.47.0
- name: kiali-server
  repository: https://kiali.org/helm-charts
  version: 1.41.0
digest: sha256:c2d646bfa93b94bbb173754bf2a04fd4458d757e3f9cc7dc252a2dfba9febc56
generated: "2021-10-22T18:52:13.668033+02:00"
